
Microsoft Visual Studio Solution File, Format Version 12.00
# Visual Studio Version 17
VisualStudioVersion = 17.0.31903.59
MinimumVisualStudioVersion = 10.0.40219.1
Project("{9A19103F-16F7-4668-BE54-9A1E7A4F7556}") = "FrontendService", "FrontendService\FrontendService.csproj", "{B70F302C-3FD6-458F-ABD1-0F6F27AC8986}"
EndProject
Project("{9A19103F-16F7-4668-BE54-9A1E7A4F7556}") = "ApiGateway", "ApiGateway\ApiGateway.csproj", "{05D8AB95-CDED-4F0C-892B-DB1CFC780231}"
EndProject
Project("{9A19103F-16F7-4668-BE54-9A1E7A4F7556}") = "OrderService", "OrderService\OrderService.csproj", "{D27D8394-1339-4800-AE31-87314C5CD692}"
EndProject
Project("{9A19103F-16F7-4668-BE54-9A1E7A4F7556}") = "InventoryService", "InventoryService\InventoryService.csproj", "{92F7D7FC-01B6-455F-9DB0-02279090D747}"
EndProject
Project("{2150E333-8FDC-42A3-9474-1A3956D46DE8}") = "Configurations", "Configurations", "{5A0B0BB1-D4B0-4AAD-8839-D50B1FA46DE8}"
	ProjectSection(SolutionItems) = preProject
		Configurations\docker-compose.yml = Configurations\docker-compose.yml
		Configurations\loki-config.yaml = Configurations\loki-config.yaml
		Configurations\prometheus.yml = Configurations\prometheus.yml
		Configurations\tempo.yaml = Configurations\tempo.yaml
	EndProjectSection
EndProject
Project("{2150E333-8FDC-42A3-9474-1A3956D46DE8}") = "Documentations", "Documentations", "{19EB9068-3CD2-45C1-8B48-AB68557416DD}"
	ProjectSection(SolutionItems) = preProject
		.gitignore = .gitignore
		LICENSE = LICENSE
		README.md = README.md
	EndProjectSection
EndProject
Project("{2150E333-8FDC-42A3-9474-1A3956D46DE8}") = "Scripts", "Scripts", "{40B47F99-0656-4A24-B78B-5D5C3955B27C}"
	ProjectSection(SolutionItems) = preProject
		scripts\docker-commands.ps1 = scripts\docker-commands.ps1
		scripts\docker-commands.sh = scripts\docker-commands.sh
		scripts\init-insightops.ps1 = scripts\init-insightops.ps1
	EndProjectSection
EndProject
Project("{2150E333-8FDC-42A3-9474-1A3956D46DE8}") = "grafana", "grafana", "{0BA45768-AFEB-40F6-9503-85B0B264C486}"
EndProject
Project("{2150E333-8FDC-42A3-9474-1A3956D46DE8}") = "provisioning", "provisioning", "{2E8106D9-CCB6-4D36-B5AB-900F531F5722}"
EndProject
Project("{2150E333-8FDC-42A3-9474-1A3956D46DE8}") = "datasources", "datasources", "{A601C610-E24C-4833-88D0-47F8A3FF4018}"
	ProjectSection(SolutionItems) = preProject
		Configurations\grafana\provisioning\datasources\datasources.yml = Configurations\grafana\provisioning\datasources\datasources.yml
	EndProjectSection
EndProject
Project("{2150E333-8FDC-42A3-9474-1A3956D46DE8}") = "utils", "utils", "{BBB9BF2B-6F4A-402C-B021-2D97D36BFA0E}"
	ProjectSection(SolutionItems) = preProject
		scripts\utils\check-prereqs.ps1 = scripts\utils\check-prereqs.ps1
		scripts\utils\cleanup.ps1 = scripts\utils\cleanup.ps1
		scripts\modules\Core.ps1 = scripts\modules\Core.ps1
		scripts\utils\setup-environment.ps1 = scripts\utils\setup-environment.ps1
	EndProjectSection
EndProject
Project("{2150E333-8FDC-42A3-9474-1A3956D46DE8}") = "Modules", "Modules", "{97D3A88E-D2A3-4BCC-9E9A-53655BA27EF0}"
	ProjectSection(SolutionItems) = preProject
		scripts\modules\Core.ps1 = scripts\modules\Core.ps1
	EndProjectSection
EndProject
Global
	GlobalSection(SolutionConfigurationPlatforms) = preSolution
		Debug|Any CPU = Debug|Any CPU
		Release|Any CPU = Release|Any CPU
	EndGlobalSection
	GlobalSection(ProjectConfigurationPlatforms) = postSolution
		{B70F302C-3FD6-458F-ABD1-0F6F27AC8986}.Debug|Any CPU.ActiveCfg = Debug|Any CPU
		{B70F302C-3FD6-458F-ABD1-0F6F27AC8986}.Debug|Any CPU.Build.0 = Debug|Any CPU
		{B70F302C-3FD6-458F-ABD1-0F6F27AC8986}.Release|Any CPU.ActiveCfg = Release|Any CPU
		{B70F302C-3FD6-458F-ABD1-0F6F27AC8986}.Release|Any CPU.Build.0 = Release|Any CPU
		{05D8AB95-CDED-4F0C-892B-DB1CFC780231}.Debug|Any CPU.ActiveCfg = Debug|Any CPU
		{05D8AB95-CDED-4F0C-892B-DB1CFC780231}.Debug|Any CPU.Build.0 = Debug|Any CPU
		{05D8AB95-CDED-4F0C-892B-DB1CFC780231}.Release|Any CPU.ActiveCfg = Release|Any CPU
		{05D8AB95-CDED-4F0C-892B-DB1CFC780231}.Release|Any CPU.Build.0 = Release|Any CPU
		{D27D8394-1339-4800-AE31-87314C5CD692}.Debug|Any CPU.ActiveCfg = Debug|Any CPU
		{D27D8394-1339-4800-AE31-87314C5CD692}.Debug|Any CPU.Build.0 = Debug|Any CPU
		{D27D8394-1339-4800-AE31-87314C5CD692}.Release|Any CPU.ActiveCfg = Release|Any CPU
		{D27D8394-1339-4800-AE31-87314C5CD692}.Release|Any CPU.Build.0 = Release|Any CPU
		{92F7D7FC-01B6-455F-9DB0-02279090D747}.Debug|Any CPU.ActiveCfg = Debug|Any CPU
		{92F7D7FC-01B6-455F-9DB0-02279090D747}.Debug|Any CPU.Build.0 = Debug|Any CPU
		{92F7D7FC-01B6-455F-9DB0-02279090D747}.Release|Any CPU.ActiveCfg = Release|Any CPU
		{92F7D7FC-01B6-455F-9DB0-02279090D747}.Release|Any CPU.Build.0 = Release|Any CPU
	EndGlobalSection
	GlobalSection(SolutionProperties) = preSolution
		HideSolutionNode = FALSE
	EndGlobalSection
	GlobalSection(NestedProjects) = preSolution
		{0BA45768-AFEB-40F6-9503-85B0B264C486} = {5A0B0BB1-D4B0-4AAD-8839-D50B1FA46DE8}
		{2E8106D9-CCB6-4D36-B5AB-900F531F5722} = {0BA45768-AFEB-40F6-9503-85B0B264C486}
		{A601C610-E24C-4833-88D0-47F8A3FF4018} = {2E8106D9-CCB6-4D36-B5AB-900F531F5722}
		{BBB9BF2B-6F4A-402C-B021-2D97D36BFA0E} = {40B47F99-0656-4A24-B78B-5D5C3955B27C}
		{97D3A88E-D2A3-4BCC-9E9A-53655BA27EF0} = {40B47F99-0656-4A24-B78B-5D5C3955B27C}
	EndGlobalSection
	GlobalSection(ExtensibilityGlobals) = postSolution
		SolutionGuid = {A31DFDC4-E723-41B8-91D9-AC4CB20C3DC1}
	EndGlobalSection
EndGlobal
